{
  "lockfile_version": "1",
  "packages": {
    "ansible-doctor@8.3.1": {
      "last_modified": "2026-05-14T12:36:40Z",
      "resolved": "github:NixOS/nixpkgs/27198194e52129ccd8e845e7d5911911e7fea7d7#ansible-doctor",
      "source": "devbox-search",
      "version": "8.3.1",
      "systems": {
        "aarch64-darwin": {
          "outputs": [
            {
              "name": "out",
              "path": "/nix/store/5n2csf77980iiaf8zyhfzmgs2ci3ccw2-ansible-doctor-8.3.1",
              "default": true
            },
            {
              "name": "dist",
              "path": "/nix/store/n8dhjmi3g6vrryqy3jnrvih2jxx1p8zz-ansible-doctor-8.3.1-dist"
            }
          ],
          "store_path": "/nix/store/5n2csf77980iiaf8zyhfzmgs2ci3ccw2-ansible-doctor-8.3.1"
        },
        "aarch64-linux": {
          "outputs": [
            {
              "name": "out",
              "path": "/nix/store/0psvkbcw536bgkxpakszrnf4i5zk0c5z-ansible-doctor-8.3.1",
              "default": true
            },
            {
              "name": "dist",
              "path": "/nix/store/3ngwj5qbaima2wzkw1akm9sipbss9k7i-ansible-doctor-8.3.1-dist"
            }
          ],
          "store_path": "/nix/store/0psvkbcw536bgkxpakszrnf4i5zk0c5z-ansible-doctor-8.3.1"
        },
        "x86_64-darwin": {
          "outputs": [
            {
              "name": "out",
              "path": "/nix/store/pqv8l0pswscxd06453gzdi12nfjfv0zl-ansible-doctor-8.3.1",
              "default": true
            },
            {
              "name": "dist",
              "path": "/nix/store/9798h9drkafjk2f50jxc42xpvhr8nbvs-ansible-doctor-8.3.1-dist"
            }
          ],
          "store_path": "/nix/store/pqv8l0pswscxd06453gzdi12nfjfv0zl-ansible-doctor-8.3.1"
        },
        "x86_64-linux": {
          "outputs": [
            {
              "name": "out",
              "path": "/nix/store/nmc3p50zpx8sl183lbi1fn8bz0gydb7v-ansible-doctor-8.3.1",
              "default": true
            },
            {
              "name": "dist",
              "path": "/nix/store/3knc2dcmv3d7h5ga1gfx37448azrl3zc-ansible-doctor-8.3.1-dist"
            }
          ],
          "store_path": "/nix/store/nmc3p50zpx8sl183lbi1fn8bz0gydb7v-ansible-doctor-8.3.1"
        }
      }
    },
    "ansible-lint@25.8.2": {
      "last_modified": "2026-04-06T17:08:15Z",
      "resolved": "github:NixOS/nixpkgs/ff048610a1b698607a66f4671821716c2272dc9f#ansible-lint",
      "source": "devbox-search",
      "version": "25.8.2",
      "systems": {
        "aarch64-darwin": {
          "outputs": [
            {
              "name": "out",
              "path": "/nix/store/1iflymk7dmyxc7q13hww7bs30wpkjkry-ansible-lint-25.8.2",
              "default": true
            },
            {
              "name": "dist",
              "path": "/nix/store/qjbdr95nk8m7sqqsqwkkbbd7j0fim141-ansible-lint-25.8.2-dist"
            }
          ],
          "store_path": "/nix/store/1iflymk7dmyxc7q13hww7bs30wpkjkry-ansible-lint-25.8.2"
        },
        "aarch64-linux": {
          "outputs": [
            {
              "name": "out",
              "path": "/nix/store/g2c8k8sphli401nc601bd87x8ij5b4if-ansible-lint-25.8.2",
              "default": true
            },
            {
              "name": "dist",
              "path": "/nix/store/vi4l91vqr26xb0a3c5w2p1dxm740nq7q-ansible-lint-25.8.2-dist"
            }
          ],
          "store_path": "/nix/store/g2c8k8sphli401nc601bd87x8ij5b4if-ansible-lint-25.8.2"
        },
        "x86_64-darwin": {
          "outputs": [
            {
              "name": "out",
              "path": "/nix/store/2gx3c15yysqy5f8yjjy5gm3myjbdys7s-ansible-lint-25.8.2",
              "default": true
            },
            {
              "name": "dist",
              "path": "/nix/store/sf1wnqhjnklxzgk37s9c9vd025izhh1z-ansible-lint-25.8.2-dist"
            }
          ],
          "store_path": "/nix/store/2gx3c15yysqy5f8yjjy5gm3myjbdys7s-ansible-lint-25.8.2"
        },
        "x86_64-linux": {
          "outputs": [
            {
              "name": "out",
              "path": "/nix/store/j8nf8y1b7bmq3kl6nw74jvwv3i2bj5rr-ansible-lint-25.8.2",
              "default": true
            },
            {
              "name": "dist",
              "path": "/nix/store/rmfq59m3s55dl690nbfx8dg3q0b8d6l2-ansible-lint-25.8.2-dist"
            }
          ],
          "store_path": "/nix/store/j8nf8y1b7bmq3kl6nw74jvwv3i2bj5rr-ansible-lint-25.8.2"
        }
      }
    },
    "git@2.54.0": {
      "last_modified": "2026-05-26T09:13:58Z",
      "resolved": "github:NixOS/nixpkgs/f44f7788c891fbe5542177df78374f8cdab10e8f#git",
      "source": "devbox-search",
      "version": "2.54.0",
      "systems": {
        "aarch64-darwin": {
          "outputs": [
            {
              "name": "out",
              "path": "/nix/store/a14yxcqvv9x2l9mllgpirzhvz93pgprg-git-2.54.0",
              "default": true
            },
            {
              "name": "doc",
              "path": "/nix/store/zn8gmbxxf5398hxg6y6nk5jimj85qj69-git-2.54.0-doc"
            }
          ],
          "store_path": "/nix/store/a14yxcqvv9x2l9mllgpirzhvz93pgprg-git-2.54.0"
        },
        "aarch64-linux": {
          "outputs": [
            {
              "name": "out",
              "path": "/nix/store/ixp98f9avf8ikpdrmp40cj33g0dazyp9-git-2.54.0",
              "default": true
            },
            {
              "name": "debug",
              "path": "/nix/store/c7mafmqf28l7898rpbqqkd0p3m42hc03-git-2.54.0-debug"
            },
            {
              "name": "doc",
              "path": "/nix/store/klwr4n2snj7ldlpkhwarwlif80myx0vj-git-2.54.0-doc"
            }
          ],
          "store_path": "/nix/store/ixp98f9avf8ikpdrmp40cj33g0dazyp9-git-2.54.0"
        },
        "x86_64-darwin": {
          "outputs": [
            {
              "name": "out",
              "path": "/nix/store/s9lsrlgwr3sabw9a2dl3laykas0ijk85-git-2.54.0",
              "default": true
            },
            {
              "name": "doc",
              "path": "/nix/store/agyxy5ay4x06b52mj24rz44fc82328ha-git-2.54.0-doc"
            }
          ],
          "store_path": "/nix/store/s9lsrlgwr3sabw9a2dl3laykas0ijk85-git-2.54.0"
        },
        "x86_64-linux": {
          "outputs": [
            {
              "name": "out",
              "path": "/nix/store/bcnisk3ydfgv26v2gw3zlky24g00yww2-git-2.54.0",
              "default": true
            },
            {
              "name": "debug",
              "path": "/nix/store/72fyakk8w8idjbksk0h8jbkq6sgvcm85-git-2.54.0-debug"
            },
            {
              "name": "doc",
              "path": "/nix/store/l444690y78nfdwyzm6mghagl7xa97myf-git-2.54.0-doc"
            }
          ],
          "store_path": "/nix/store/bcnisk3ydfgv26v2gw3zlky24g00yww2-git-2.54.0"
        }
      }
    },
    "github:NixOS/nixpkgs/nixpkgs-unstable": {
      "last_modified": "2025-10-16T06:36:44Z",
      "resolved": "github:NixOS/nixpkgs/3cbe716e2346710d6e1f7c559363d14e11c32a43?lastModified=1760596604&narHash=sha256-J%2Fi5K6AAz%2Fy5dBePHQOuzC7MbhyTOKsd%2FGLezSbEFiM%3D"
    },
    "glibcLocales@2.40-66": {
      "last_modified": "2025-10-07T08:41:47Z",
      "resolved": "github:NixOS/nixpkgs/bce5fe2bb998488d8e7e7856315f90496723793c#glibcLocales",
      "source": "devbox-search",
      "version": "2.40-66",
      "systems": {
        "aarch64-linux": {
          "outputs": [
            {
              "name": "out",
              "path": "/nix/store/m5rgm9gbncx9nmqalyidnsz85dh5x7dd-glibc-locales-2.40-66",
              "default": true
            }
          ],
          "store_path": "/nix/store/m5rgm9gbncx9nmqalyidnsz85dh5x7dd-glibc-locales-2.40-66"
        },
        "x86_64-linux": {
          "outputs": [
            {
              "name": "out",
              "path": "/nix/store/qr1k8avryysx5m9ggbcds123d7y6f6as-glibc-locales-2.40-66",
              "default": true
            }
          ],
          "store_path": "/nix/store/qr1k8avryysx5m9ggbcds123d7y6f6as-glibc-locales-2.40-66"
        }
      }
    },
    "go-task@3.48.0": {
      "last_modified": "2026-02-02T23:09:17Z",
      "resolved": "github:NixOS/nixpkgs/47472570b1e607482890801aeaf29bfb749884f6#go-task",
      "source": "devbox-search",
      "version": "3.48.0",
      "systems": {
        "aarch64-darwin": {
          "outputs": [
            {
              "name": "out",
              "path": "/nix/store/xcbnv9rgpbrrbjc9rhcryn29fkapyy7a-go-task-3.48.0",
              "default": true
            }
          ],
          "store_path": "/nix/store/xcbnv9rgpbrrbjc9rhcryn29fkapyy7a-go-task-3.48.0"
        },
        "aarch64-linux": {
          "outputs": [
            {
              "name": "out",
              "path": "/nix/store/ncpxzr2h6wmbw3x1rk64wbpdrdk7hnc5-go-task-3.48.0",
              "default": true
            }
          ],
          "store_path": "/nix/store/ncpxzr2h6wmbw3x1rk64wbpdrdk7hnc5-go-task-3.48.0"
        },
        "x86_64-darwin": {
          "outputs": [
            {
              "name": "out",
              "path": "/nix/store/xvrsali850p07x38l7vg337nfmy8sf4d-go-task-3.48.0",
              "default": true
            }
          ],
          "store_path": "/nix/store/xvrsali850p07x38l7vg337nfmy8sf4d-go-task-3.48.0"
        },
        "x86_64-linux": {
          "outputs": [
            {
              "name": "out",
              "path": "/nix/store/5aa1yhiq2vx8widj750xb8b7rp21xrwn-go-task-3.48.0",
              "default": true
            }
          ],
          "store_path": "/nix/store/5aa1yhiq2vx8widj750xb8b7rp21xrwn-go-task-3.48.0"
        }
      }
    },
    "jq@1.8.1": {
      "last_modified": "2025-10-13T09:56:54Z",
      "resolved": "github:NixOS/nixpkgs/c12c63cd6c5eb34c7b4c3076c6a99e00fcab86ec#jq",
      "source": "devbox-search",
      "version": "1.8.1",
      "systems": {
        "aarch64-darwin": {
          "outputs": [
            {
              "name": "bin",
              "path": "/nix/store/cvw7i7807zffz5pn6sjncyp1wkwbgxzm-jq-1.8.1-bin",
              "default": true
            },
            {
              "name": "man",
              "path": "/nix/store/v97vjz6sgnah1i85s9vvjb2cxjah4vyd-jq-1.8.1-man",
              "default": true
            },
            {
              "name": "dev",
              "path": "/nix/store/bsi7cf9lk3i4zyv7s0i2hpgy4ifgqvdy-jq-1.8.1-dev"
            },
            {
              "name": "doc",
              "path": "/nix/store/jp8v5mjg55vxcjqzcc3g4csl5hdym0c8-jq-1.8.1-doc"
            },
            {
              "name": "out",
              "path": "/nix/store/j1wzyw1jrlg7kvbxrizvsn0s03zywgka-jq-1.8.1"
            }
          ],
          "store_path": "/nix/store/cvw7i7807zffz5pn6sjncyp1wkwbgxzm-jq-1.8.1-bin"
        },
        "aarch64-linux": {
          "outputs": [
            {
              "name": "bin",
              "path": "/nix/store/p9fcj9s7x82v83sdknjrg40jkl4rvn18-jq-1.8.1-bin",
              "default": true
            },
            {
              "name": "man",
              "path": "/nix/store/5asinq45hb2rdaqxsm35sxq568z19i7v-jq-1.8.1-man",
              "default": true
            },
            {
              "name": "dev",
              "path": "/nix/store/m49lxha1r6qyylhkbvkg53kky6bffqp1-jq-1.8.1-dev"
            },
            {
              "name": "doc",
              "path": "/nix/store/14yqvw1kq0mbsnjnza1malqxr40plzq2-jq-1.8.1-doc"
            },
            {
              "name": "out",
              "path": "/nix/store/hv5xwipvr0lyhgii8w532250a6zl29s6-jq-1.8.1"
            }
          ],
          "store_path": "/nix/store/p9fcj9s7x82v83sdknjrg40jkl4rvn18-jq-1.8.1-bin"
        },
        "x86_64-darwin": {
          "outputs": [
            {
              "name": "bin",
              "path": "/nix/store/5w2pssdswkc41rsvn5mklfs2v07nl609-jq-1.8.1-bin",
              "default": true
            },
            {
              "name": "man",
              "path": "/nix/store/xnafw5gzwy0aycpqc3vmldjm1p2qjqh0-jq-1.8.1-man",
              "default": true
            },
            {
              "name": "dev",
              "path": "/nix/store/ni5787yy9q4gqgrd5s20pl3kswb1m580-jq-1.8.1-dev"
            },
            {
              "name": "doc",
              "path": "/nix/store/wfxzfhazy5q9b5azir5kaxf6d8l1axir-jq-1.8.1-doc"
            },
            {
              "name": "out",
              "path": "/nix/store/cwyjwb25xy3kj2r873rm5g8rkd5l68r1-jq-1.8.1"
            }
          ],
          "store_path": "/nix/store/5w2pssdswkc41rsvn5mklfs2v07nl609-jq-1.8.1-bin"
        },
        "x86_64-linux": {
          "outputs": [
            {
              "name": "bin",
              "path": "/nix/store/6y8c4kikq5nka2qnza009j03bvkx2l5l-jq-1.8.1-bin",
              "default": true
            },
            {
              "name": "man",
              "path": "/nix/store/gkl03xki3msw3dylzji7gkiwnxmk3pdp-jq-1.8.1-man",
              "default": true
            },
            {
              "name": "dev",
              "path": "/nix/store/356jlk3akii9kwkb4hmh5xx2mkrb6nqi-jq-1.8.1-dev"
            },
            {
              "name": "doc",
              "path": "/nix/store/fm9ffa3r4l8i5gl24xj8cm0ggys8sz7j-jq-1.8.1-doc"
            },
            {
              "name": "out",
              "path": "/nix/store/brz9jqz43dpvb0ia8idhjlxpccplldpq-jq-1.8.1"
            }
          ],
          "store_path": "/nix/store/6y8c4kikq5nka2qnza009j03bvkx2l5l-jq-1.8.1-bin"
        }
      }
    },
    "kind@0.31.0": {
      "last_modified": "2025-12-27T03:48:10Z",
      "resolved": "github:NixOS/nixpkgs/4eec65df50d796a8fd9c146a09b5007916ce376b#kind",
      "source": "devbox-search",
      "version": "0.31.0",
      "systems": {
        "aarch64-darwin": {
          "outputs": [
            {
              "name": "out",
              "path": "/nix/store/0481jp5p025qg4w6nvgljf5dfnjv7zp5-kind-0.31.0",
              "default": true
            }
          ],
          "store_path": "/nix/store/0481jp5p025qg4w6nvgljf5dfnjv7zp5-kind-0.31.0"
        },
        "aarch64-linux": {
          "outputs": [
            {
              "name": "out",
              "path": "/nix/store/44rwlgmi57xkkrb359wbj2xzrsaclqfv-kind-0.31.0",
              "default": true
            }
          ],
          "store_path": "/nix/store/44rwlgmi57xkkrb359wbj2xzrsaclqfv-kind-0.31.0"
        },
        "x86_64-darwin": {
          "outputs": [
            {
              "name": "out",
              "path": "/nix/store/xdp8sz4jj8fg97aq3kngm7zj775hs9il-kind-0.31.0",
              "default": true
            }
          ],
          "store_path": "/nix/store/xdp8sz4jj8fg97aq3kngm7zj775hs9il-kind-0.31.0"
        },
        "x86_64-linux": {
          "outputs": [
            {
              "name": "out",
              "path": "/nix/store/m5zqwjnaymrfvgylvvsvppq1qz69zlam-kind-0.31.0",
              "default": true
            }
          ],
          "store_path": "/nix/store/m5zqwjnaymrfvgylvvsvppq1qz69zlam-kind-0.31.0"
        }
      }
    },
    "kubectl@1.36.1": {
      "last_modified": "2026-05-14T21:33:07Z",
      "resolved": "github:NixOS/nixpkgs/8a1b0127302ea51e05bf4ea5a291743fac442406#kubectl",
      "source": "devbox-search",
      "version": "1.36.1",
      "systems": {
        "aarch64-darwin": {
          "outputs": [
            {
              "name": "out",
              "path": "/nix/store/9ffqyb73gb7iqfdnc5d9951wa31s6dm7-kubectl-1.36.1",
              "default": true
            },
            {
              "name": "man",
              "path": "/nix/store/ikrv0bx3lw05sbpycb0dxqrbwzicairl-kubectl-1.36.1-man",
              "default": true
            },
            {
              "name": "convert",
              "path": "/nix/store/hwbxah2md339xhbj0h130aav62x2qry8-kubectl-1.36.1-convert"
            }
          ],
          "store_path": "/nix/store/9ffqyb73gb7iqfdnc5d9951wa31s6dm7-kubectl-1.36.1"
        },
        "aarch64-linux": {
          "outputs": [
            {
              "name": "out",
              "path": "/nix/store/6vi8aw9lpn708vf11dwqzwa5fyfl84lx-kubectl-1.36.1",
              "default": true
            },
            {
              "name": "man",
              "path": "/nix/store/la640yyravb2mbfabic0rzhnf1h75wd6-kubectl-1.36.1-man",
              "default": true
            },
            {
              "name": "convert",
              "path": "/nix/store/xwwyhkrdh9rpfj5nqr6xzq0ji6lzqpy6-kubectl-1.36.1-convert"
            }
          ],
          "store_path": "/nix/store/6vi8aw9lpn708vf11dwqzwa5fyfl84lx-kubectl-1.36.1"
        },
        "x86_64-darwin": {
          "outputs": [
            {
              "name": "out",
              "path": "/nix/store/cpgxi7p7dniy56xv3856ama8wwdqz91b-kubectl-1.36.1",
              "default": true
            },
            {
              "name": "man",
              "path": "/nix/store/38zyzs2ka8aawrpp61awbyl5w14qgrw8-kubectl-1.36.1-man",
              "default": true
            },
            {
              "name": "convert",
              "path": "/nix/store/n3qfh2z4dlrp9r3dswj084bq2ykzprsq-kubectl-1.36.1-convert"
            }
          ],
          "store_path": "/nix/store/cpgxi7p7dniy56xv3856ama8wwdqz91b-kubectl-1.36.1"
        },
        "x86_64-linux": {
          "outputs": [
            {
              "name": "out",
              "path": "/nix/store/36fm6h2dn23x2pz7sps890xsmaarjif8-kubectl-1.36.1",
              "default": true
            },
            {
              "name": "man",
              "path": "/nix/store/61arpkkg2pqa1i2gqhs8fcprca9m0ac8-kubectl-1.36.1-man",
              "default": true
            },
            {
              "name": "convert",
              "path": "/nix/store/sp48syasn0jqn2y997pw5f461kfvij9i-kubectl-1.36.1-convert"
            }
          ],
          "store_path": "/nix/store/36fm6h2dn23x2pz7sps890xsmaarjif8-kubectl-1.36.1"
        }
      }
    },
    "kubernetes-helm@4.2.0": {
      "last_modified": "2026-06-11T01:27:03Z",
      "resolved": "github:NixOS/nixpkgs/b503dde361500433ca25a32e8f4d218bf58fb659#kubernetes-helm",
      "source": "devbox-search",
      "version": "4.2.0",
      "systems": {
        "aarch64-darwin": {
          "outputs": [
            {
              "name": "out",
              "path": "/nix/store/3y7jjsm5k83gj9rwkb27dhsy2vampj3p-kubernetes-helm-4.2.0",
              "default": true
            }
          ],
          "store_path": "/nix/store/3y7jjsm5k83gj9rwkb27dhsy2vampj3p-kubernetes-helm-4.2.0"
        },
        "aarch64-linux": {
          "outputs": [
            {
              "name": "out",
              "path": "/nix/store/106wx01cxsvj46ick4avr8cim9dxzgld-kubernetes-helm-4.2.0",
              "default": true
            }
          ],
          "store_path": "/nix/store/106wx01cxsvj46ick4avr8cim9dxzgld-kubernetes-helm-4.2.0"
        },
        "x86_64-darwin": {
          "outputs": [
            {
              "name": "out",
              "path": "/nix/store/byv18slx3iz3rdg27jwkp96dlxfk3xh3-kubernetes-helm-4.2.0",
              "default": true
            }
          ],
          "store_path": "/nix/store/byv18slx3iz3rdg27jwkp96dlxfk3xh3-kubernetes-helm-4.2.0"
        },
        "x86_64-linux": {
          "outputs": [
            {
              "name": "out",
              "path": "/nix/store/ws5b9zj77d5v3cagla29v8w89z5bfgkp-kubernetes-helm-4.2.0",
              "default": true
            }
          ],
          "store_path": "/nix/store/ws5b9zj77d5v3cagla29v8w89z5bfgkp-kubernetes-helm-4.2.0"
        }
      }
    },
    "prek@0.3.11": {
      "last_modified": "2026-05-04T18:13:23Z",
      "resolved": "github:NixOS/nixpkgs/afc5551119aae6eab73a95c1960891cfe63204f6#prek",
      "source": "devbox-search",
      "version": "0.3.11",
      "systems": {
        "aarch64-darwin": {
          "outputs": [
            {
              "name": "out",
              "path": "/nix/store/zdpwgxd5caryrvlm3axcbyf2k38qd9xn-prek-0.3.11",
              "default": true
            }
          ],
          "store_path": "/nix/store/zdpwgxd5caryrvlm3axcbyf2k38qd9xn-prek-0.3.11"
        },
        "aarch64-linux": {
          "outputs": [
            {
              "name": "out",
              "path": "/nix/store/x4nww3rfyr6ypflrsnpmjwvh40nqvfr8-prek-0.3.11",
              "default": true
            }
          ],
          "store_path": "/nix/store/x4nww3rfyr6ypflrsnpmjwvh40nqvfr8-prek-0.3.11"
        },
        "x86_64-darwin": {
          "outputs": [
            {
              "name": "out",
              "path": "/nix/store/1c1l1awmihfg56089240qr40ryq9p7by-prek-0.3.11",
              "default": true
            }
          ],
          "store_path": "/nix/store/1c1l1awmihfg56089240qr40ryq9p7by-prek-0.3.11"
        },
        "x86_64-linux": {
          "outputs": [
            {
              "name": "out",
              "path": "/nix/store/ynj2jbamrgjfmaajlxfhnh1fhvwq0qzy-prek-0.3.11",
              "default": true
            }
          ],
          "store_path": "/nix/store/ynj2jbamrgjfmaajlxfhnh1fhvwq0qzy-prek-0.3.11"
        }
      }
    },
    "python313Packages.ansible@13.7.0": {
      "last_modified": "2026-05-31T16:57:23Z",
      "resolved": "github:NixOS/nixpkgs/3109eaae18e09d0b8aef23dc2579e7d94b8d4b4e#python313Packages.ansible",
      "source": "devbox-search",
      "version": "13.7.0",
      "systems": {
        "aarch64-darwin": {
          "outputs": [
            {
              "name": "out",
              "path": "/nix/store/ski67zprwjb3msilaf8yv6wz8bz3w9l1-python3.13-ansible-13.7.0",
              "default": true
            },
            {
              "name": "dist",
              "path": "/nix/store/xi1zbkn3w5652gwmqirrzrh0bgkc5iln-python3.13-ansible-13.7.0-dist"
            }
          ],
          "store_path": "/nix/store/ski67zprwjb3msilaf8yv6wz8bz3w9l1-python3.13-ansible-13.7.0"
        },
        "aarch64-linux": {
          "outputs": [
            {
              "name": "out",
              "path": "/nix/store/mnwznhh04796hpx36znaffhypx9vf4j1-python3.13-ansible-13.7.0",
              "default": true
            },
            {
              "name": "dist",
              "path": "/nix/store/00n5z2kdw3bk1i0rn7xpbw9dripd2qly-python3.13-ansible-13.7.0-dist"
            }
          ],
          "store_path": "/nix/store/mnwznhh04796hpx36znaffhypx9vf4j1-python3.13-ansible-13.7.0"
        },
        "x86_64-darwin": {
          "outputs": [
            {
              "name": "out",
              "path": "/nix/store/ql6c1qafsni7l196f50pymm6y8rpir37-python3.13-ansible-13.7.0",
              "default": true
            },
            {
              "name": "dist",
              "path": "/nix/store/k64zkx6kr40qhkj6sli88fhwq0x78nfb-python3.13-ansible-13.7.0-dist"
            }
          ],
          "store_path": "/nix/store/ql6c1qafsni7l196f50pymm6y8rpir37-python3.13-ansible-13.7.0"
        },
        "x86_64-linux": {
          "outputs": [
            {
              "name": "out",
              "path": "/nix/store/3fq14d1jxzn8yixj2ilikd4640kx5dck-python3.13-ansible-13.7.0",
              "default": true
            },
            {
              "name": "dist",
              "path": "/nix/store/8qqrn84hm450ayd4w6q4wza7gx8b7mh3-python3.13-ansible-13.7.0-dist"
            }
          ],
          "store_path": "/nix/store/3fq14d1jxzn8yixj2ilikd4640kx5dck-python3.13-ansible-13.7.0"
        }
      }
    },
    "python313Packages.boto3@1.42.31": {
      "last_modified": "2026-02-23T15:40:43Z",
      "resolved": "github:NixOS/nixpkgs/80d901ec0377e19ac3f7bb8c035201e2e098cc97#python313Packages.boto3",
      "source": "devbox-search",
      "version": "1.42.31",
      "systems": {
        "aarch64-darwin": {
          "outputs": [
            {
              "name": "out",
              "path": "/nix/store/x6dwklv6sl31cwcwxs2djwf8vdf1l5j2-python3.13-boto3-1.42.31",
              "default": true
            },
            {
              "name": "dist",
              "path": "/nix/store/hlimw2qrbyn5f15axfp6nhcn2nxbskcl-python3.13-boto3-1.42.31-dist"
            }
          ],
          "store_path": "/nix/store/x6dwklv6sl31cwcwxs2djwf8vdf1l5j2-python3.13-boto3-1.42.31"
        },
        "aarch64-linux": {
          "outputs": [
            {
              "name": "out",
              "path": "/nix/store/jq7bs25kkbx4g9bfpkk5y30b0aw4xqsx-python3.13-boto3-1.42.31",
              "default": true
            },
            {
              "name": "dist",
              "path": "/nix/store/f7h8jg9c0pgsb60rwxfdv5sgjd563c4s-python3.13-boto3-1.42.31-dist"
            }
          ],
          "store_path": "/nix/store/jq7bs25kkbx4g9bfpkk5y30b0aw4xqsx-python3.13-boto3-1.42.31"
        },
        "x86_64-darwin": {
          "outputs": [
            {
              "name": "out",
              "path": "/nix/store/pxi8wna5xb9habi3hknsdz7jzfj1d3k3-python3.13-boto3-1.42.31",
              "default": true
            },
            {
              "name": "dist",
              "path": "/nix/store/f5l5wa4kyk0pzqfbl61jgmw1vipks0kd-python3.13-boto3-1.42.31-dist"
            }
          ],
          "store_path": "/nix/store/pxi8wna5xb9habi3hknsdz7jzfj1d3k3-python3.13-boto3-1.42.31"
        },
        "x86_64-linux": {
          "outputs": [
            {
              "name": "out",
              "path": "/nix/store/zwfz5wsq7a0chd2k30z4w6p9d46nv8w5-python3.13-boto3-1.42.31",
              "default": true
            },
            {
              "name": "dist",
              "path": "/nix/store/2ica9mzcd500dlyrrpi4fivq8hsrcx0j-python3.13-boto3-1.42.31-dist"
            }
          ],
          "store_path": "/nix/store/zwfz5wsq7a0chd2k30z4w6p9d46nv8w5-python3.13-boto3-1.42.31"
        }
      }
    },
    "python313Packages.kubernetes@35.0.0": {
      "last_modified": "2026-03-21T07:29:51Z",
      "resolved": "github:NixOS/nixpkgs/09061f748ee21f68a089cd5d91ec1859cd93d0be#python313Packages.kubernetes",
      "source": "devbox-search",
      "version": "35.0.0",
      "systems": {
        "aarch64-darwin": {
          "outputs": [
            {
              "name": "out",
              "path": "/nix/store/n7miblm4k39jvsn1lazg19zkvc7n9wfk-python3.13-kubernetes-35.0.0",
              "default": true
            },
            {
              "name": "dist",
              "path": "/nix/store/qcvn17liz5abkl7lhc59mpc6idwd1kv3-python3.13-kubernetes-35.0.0-dist"
            }
          ],
          "store_path": "/nix/store/n7miblm4k39jvsn1lazg19zkvc7n9wfk-python3.13-kubernetes-35.0.0"
        },
        "aarch64-linux": {
          "outputs": [
            {
              "name": "out",
              "path": "/nix/store/lvb8yf7vw9r0jil4m0rm2fdawnb0d2hj-python3.13-kubernetes-35.0.0",
              "default": true
            },
            {
              "name": "dist",
              "path": "/nix/store/6dwq16br7zg5bx8ns027vgdg06wrlvmy-python3.13-kubernetes-35.0.0-dist"
            }
          ],
          "store_path": "/nix/store/lvb8yf7vw9r0jil4m0rm2fdawnb0d2hj-python3.13-kubernetes-35.0.0"
        },
        "x86_64-darwin": {
          "outputs": [
            {
              "name": "out",
              "path": "/nix/store/32mz4kqmg9q14n7dw1x16cqpmrvypm1g-python3.13-kubernetes-35.0.0",
              "default": true
            },
            {
              "name": "dist",
              "path": "/nix/store/7c51y2dn0y29jdw5dw0a7xjb2siwa8ik-python3.13-kubernetes-35.0.0-dist"
            }
          ],
          "store_path": "/nix/store/32mz4kqmg9q14n7dw1x16cqpmrvypm1g-python3.13-kubernetes-35.0.0"
        },
        "x86_64-linux": {
          "outputs": [
            {
              "name": "out",
              "path": "/nix/store/c3iiakcv7hzl9zyii88scqbc3y2m7gkx-python3.13-kubernetes-35.0.0",
              "default": true
            },
            {
              "name": "dist",
              "path": "/nix/store/89rmh1xfvrwbrjxxlggak4y1qaqfmz97-python3.13-kubernetes-35.0.0-dist"
            }
          ],
          "store_path": "/nix/store/c3iiakcv7hzl9zyii88scqbc3y2m7gkx-python3.13-kubernetes-35.0.0"
        }
      }
    },
    "python313Packages.molecule-plugins@25.8.12": {
      "last_modified": "2026-06-11T01:27:03Z",
      "resolved": "github:NixOS/nixpkgs/b503dde361500433ca25a32e8f4d218bf58fb659#python313Packages.molecule-plugins",
      "source": "devbox-search",
      "version": "25.8.12",
      "systems": {
        "aarch64-darwin": {
          "outputs": [
            {
              "name": "out",
              "path": "/nix/store/rqifd28w8xhj0akdqv5qz4c4p3frpdmn-python3.13-molecule-plugins-25.8.12",
              "default": true
            },
            {
              "name": "dist",
              "path": "/nix/store/nx5kgqz99w038wvhc66mzx6x43643llb-python3.13-molecule-plugins-25.8.12-dist"
            }
          ],
          "store_path": "/nix/store/rqifd28w8xhj0akdqv5qz4c4p3frpdmn-python3.13-molecule-plugins-25.8.12"
        },
        "aarch64-linux": {
          "outputs": [
            {
              "name": "out",
              "path": "/nix/store/lqvk91nmc8glg1znpmm4924yqhmydrjf-python3.13-molecule-plugins-25.8.12",
              "default": true
            },
            {
              "name": "dist",
              "path": "/nix/store/1lg3v7ygqwf0r1pv8yj1p5di93bd652c-python3.13-molecule-plugins-25.8.12-dist"
            }
          ],
          "store_path": "/nix/store/lqvk91nmc8glg1znpmm4924yqhmydrjf-python3.13-molecule-plugins-25.8.12"
        },
        "x86_64-darwin": {
          "outputs": [
            {
              "name": "out",
              "path": "/nix/store/i4gbs09hby22dysib03bn25a9j5ivhdx-python3.13-molecule-plugins-25.8.12",
              "default": true
            },
            {
              "name": "dist",
              "path": "/nix/store/4zs6a0nqs00kxjk9wg0krkzrkrqcfm28-python3.13-molecule-plugins-25.8.12-dist"
            }
          ],
          "store_path": "/nix/store/i4gbs09hby22dysib03bn25a9j5ivhdx-python3.13-molecule-plugins-25.8.12"
        },
        "x86_64-linux": {
          "outputs": [
            {
              "name": "out",
              "path": "/nix/store/frv5vplnkpq1lq62ap4js0shw1a7wbrn-python3.13-molecule-plugins-25.8.12",
              "default": true
            },
            {
              "name": "dist",
              "path": "/nix/store/gadjdj1cc03lia6rj3fq98m7bwq39z2i-python3.13-molecule-plugins-25.8.12-dist"
            }
          ],
          "store_path": "/nix/store/frv5vplnkpq1lq62ap4js0shw1a7wbrn-python3.13-molecule-plugins-25.8.12"
        }
      }
    },
    "python313Packages.molecule@26.4.0": {
      "last_modified": "2026-04-28T17:03:49Z",
      "resolved": "github:NixOS/nixpkgs/e75f25705c2934955ee5075e62530d74aca973c6#python313Packages.molecule",
      "source": "devbox-search",
      "version": "26.4.0",
      "systems": {
        "aarch64-darwin": {
          "outputs": [
            {
              "name": "out",
              "path": "/nix/store/rm8bz8j0n4jrg4qwk4rbxwmxsr06mqrh-python3.13-molecule-26.4.0",
              "default": true
            },
            {
              "name": "dist",
              "path": "/nix/store/0jjy1qvsfwjq9dnrrrblnsxjjrg01a8f-python3.13-molecule-26.4.0-dist"
            }
          ],
          "store_path": "/nix/store/rm8bz8j0n4jrg4qwk4rbxwmxsr06mqrh-python3.13-molecule-26.4.0"
        },
        "aarch64-linux": {
          "outputs": [
            {
              "name": "out",
              "path": "/nix/store/mcaipbv3wllzpgd2zbpz86a2wnd5lrvc-python3.13-molecule-26.4.0",
              "default": true
            },
            {
              "name": "dist",
              "path": "/nix/store/h0j04n0p7xn6hf9sblz52ispcs3qvhvp-python3.13-molecule-26.4.0-dist"
            }
          ],
          "store_path": "/nix/store/mcaipbv3wllzpgd2zbpz86a2wnd5lrvc-python3.13-molecule-26.4.0"
        },
        "x86_64-darwin": {
          "outputs": [
            {
              "name": "out",
              "path": "/nix/store/r4l4p6d8sanjj2vn7p2bf0v74bs5kkqg-python3.13-molecule-26.4.0",
              "default": true
            },
            {
              "name": "dist",
              "path": "/nix/store/4p4f7pysm6ghii3wkiv18id05pic2k0a-python3.13-molecule-26.4.0-dist"
            }
          ],
          "store_path": "/nix/store/r4l4p6d8sanjj2vn7p2bf0v74bs5kkqg-python3.13-molecule-26.4.0"
        },
        "x86_64-linux": {
          "outputs": [
            {
              "name": "out",
              "path": "/nix/store/q69mj8sj13f6vh0bbpdfldvk181kbjz2-python3.13-molecule-26.4.0",
              "default": true
            },
            {
              "name": "dist",
              "path": "/nix/store/jl2cgr8r2czxnrm64hg89fp364d6w1pa-python3.13-molecule-26.4.0-dist"
            }
          ],
          "store_path": "/nix/store/q69mj8sj13f6vh0bbpdfldvk181kbjz2-python3.13-molecule-26.4.0"
        }
      }
    },
    "python313Packages.moto@5.1.20": {
      "last_modified": "2026-02-23T15:40:43Z",
      "resolved": "github:NixOS/nixpkgs/80d901ec0377e19ac3f7bb8c035201e2e098cc97#python313Packages.moto",
      "source": "devbox-search",
      "version": "5.1.20",
      "systems": {
        "aarch64-darwin": {
          "outputs": [
            {
              "name": "out",
              "path": "/nix/store/5v58nq35wh0x0pvg95nxly0a1nib5qlg-python3.13-moto-5.1.20",
              "default": true
            },
            {
              "name": "dist",
              "path": "/nix/store/v6cmfjm33qq98ql0v9gx6l1d0pijyc8a-python3.13-moto-5.1.20-dist"
            }
          ],
          "store_path": "/nix/store/5v58nq35wh0x0pvg95nxly0a1nib5qlg-python3.13-moto-5.1.20"
        },
        "aarch64-linux": {
          "outputs": [
            {
              "name": "out",
              "path": "/nix/store/fdf46h72d8fmdb4kv6mws6xsjs8g9vbc-python3.13-moto-5.1.20",
              "default": true
            },
            {
              "name": "dist",
              "path": "/nix/store/skhfcv9lccsx098bp21514843cwdpgxw-python3.13-moto-5.1.20-dist"
            }
          ],
          "store_path": "/nix/store/fdf46h72d8fmdb4kv6mws6xsjs8g9vbc-python3.13-moto-5.1.20"
        },
        "x86_64-darwin": {
          "outputs": [
            {
              "name": "out",
              "path": "/nix/store/h1ibaki7h0limd2lq2jnyynaj95nflq4-python3.13-moto-5.1.20",
              "default": true
            },
            {
              "name": "dist",
              "path": "/nix/store/nf7g9514js5hz8z1si44bvn6dixbr1dk-python3.13-moto-5.1.20-dist"
            }
          ],
          "store_path": "/nix/store/h1ibaki7h0limd2lq2jnyynaj95nflq4-python3.13-moto-5.1.20"
        },
        "x86_64-linux": {
          "outputs": [
            {
              "name": "out",
              "path": "/nix/store/yipwacn8xbd0nrwgmaxj6cggy6zmrnzd-python3.13-moto-5.1.20",
              "default": true
            },
            {
              "name": "dist",
              "path": "/nix/store/plg5ff4y1v6b6gn9p507zfg1if966gsg-python3.13-moto-5.1.20-dist"
            }
          ],
          "store_path": "/nix/store/yipwacn8xbd0nrwgmaxj6cggy6zmrnzd-python3.13-moto-5.1.20"
        }
      }
    },
    "python313Packages.pytest-ansible@26.4.0": {
      "last_modified": "2026-04-06T17:08:15Z",
      "resolved": "github:NixOS/nixpkgs/ff048610a1b698607a66f4671821716c2272dc9f#python313Packages.pytest-ansible",
      "source": "devbox-search",
      "version": "26.4.0",
      "systems": {
        "aarch64-darwin": {
          "outputs": [
            {
              "name": "out",
              "path": "/nix/store/zv4f7k9cs5nyh0m1ncsljv9ymgzkl0s8-python3.13-pytest-ansible-26.4.0",
              "default": true
            },
            {
              "name": "dist",
              "path": "/nix/store/c694pk2zsv44f4ysyq336hgnrzx7hr03-python3.13-pytest-ansible-26.4.0-dist"
            }
          ],
          "store_path": "/nix/store/zv4f7k9cs5nyh0m1ncsljv9ymgzkl0s8-python3.13-pytest-ansible-26.4.0"
        },
        "aarch64-linux": {
          "outputs": [
            {
              "name": "out",
              "path": "/nix/store/lpa9h2d1whkbnnz4rgcwp3qx0kjd15ar-python3.13-pytest-ansible-26.4.0",
              "default": true
            },
            {
              "name": "dist",
              "path": "/nix/store/789svn0szk4lws6xl566dczjwp0smgz1-python3.13-pytest-ansible-26.4.0-dist"
            }
          ],
          "store_path": "/nix/store/lpa9h2d1whkbnnz4rgcwp3qx0kjd15ar-python3.13-pytest-ansible-26.4.0"
        },
        "x86_64-darwin": {
          "outputs": [
            {
              "name": "out",
              "path": "/nix/store/8chsalydklkikps6d3a7blzckn2i1zz8-python3.13-pytest-ansible-26.4.0",
              "default": true
            },
            {
              "name": "dist",
              "path": "/nix/store/89mm1fhxhppb4qa7xsgah6y1jpzcwqzz-python3.13-pytest-ansible-26.4.0-dist"
            }
          ],
          "store_path": "/nix/store/8chsalydklkikps6d3a7blzckn2i1zz8-python3.13-pytest-ansible-26.4.0"
        },
        "x86_64-linux": {
          "outputs": [
            {
              "name": "out",
              "path": "/nix/store/zliqqlz5vxzfiqg2pnm6qxyvsdq2dhw3-python3.13-pytest-ansible-26.4.0",
              "default": true
            },
            {
              "name": "dist",
              "path": "/nix/store/b9kh6z10hi5z3g1m9icqf843klpi4v1a-python3.13-pytest-ansible-26.4.0-dist"
            }
          ],
          "store_path": "/nix/store/zliqqlz5vxzfiqg2pnm6qxyvsdq2dhw3-python3.13-pytest-ansible-26.4.0"
        }
      }
    },
    "python313Packages.pytest@9.0.3": {
      "last_modified": "2026-06-14T16:21:05Z",
      "resolved": "github:NixOS/nixpkgs/9eac87a12312b8f60dd52e1c6e1a265f6fc7f5fc#python313Packages.pytest",
      "source": "devbox-search",
      "version": "9.0.3",
      "systems": {
        "aarch64-darwin": {
          "outputs": [
            {
              "name": "out",
              "path": "/nix/store/bx9hk4sq4gl0zknirz31kfknkzdfnlf2-python3.13-pytest-9.0.3",
              "default": true
            },
            {
              "name": "dist",
              "path": "/nix/store/m34c1zxzs1wxicgvc4d4bfv8s4b45b84-python3.13-pytest-9.0.3-dist"
            },
            {
              "name": "testout",
              "path": "/nix/store/nlpa8xvsxi8azw5i2xpykiw6gdy95n3k-python3.13-pytest-9.0.3-testout"
            }
          ],
          "store_path": "/nix/store/bx9hk4sq4gl0zknirz31kfknkzdfnlf2-python3.13-pytest-9.0.3"
        },
        "aarch64-linux": {
          "outputs": [
            {
              "name": "out",
              "path": "/nix/store/aqn0q8wpg6biijl07fz6321f7bdiibm1-python3.13-pytest-9.0.3",
              "default": true
            },
            {
              "name": "testout",
              "path": "/nix/store/fw8g85b3qwhdqqjhb067545a4xzs8qjm-python3.13-pytest-9.0.3-testout"
            },
            {
              "name": "dist",
              "path": "/nix/store/nhiybr2ad3gn70lnldsp63l8vcry8xwz-python3.13-pytest-9.0.3-dist"
            }
          ],
          "store_path": "/nix/store/aqn0q8wpg6biijl07fz6321f7bdiibm1-python3.13-pytest-9.0.3"
        },
        "x86_64-darwin": {
          "outputs": [
            {
              "name": "out",
              "path": "/nix/store/2xqabipipmxak0dj6sqx5bn8kbf46xzg-python3.13-pytest-9.0.3",
              "default": true
            },
            {
              "name": "dist",
              "path": "/nix/store/vnzli3xjqham1v90vyh16v0r2xk62h3d-python3.13-pytest-9.0.3-dist"
            },
            {
              "name": "testout",
              "path": "/nix/store/2kg7lhh6f5fvfyqhvn9p3ikpcgk9ra6k-python3.13-pytest-9.0.3-testout"
            }
          ],
          "store_path": "/nix/store/2xqabipipmxak0dj6sqx5bn8kbf46xzg-python3.13-pytest-9.0.3"
        },
        "x86_64-linux": {
          "outputs": [
            {
              "name": "out",
              "path": "/nix/store/w16y0pnha1p2bkbsksilrwrw7l7n3hnx-python3.13-pytest-9.0.3",
              "default": true
            },
            {
              "name": "testout",
              "path": "/nix/store/kn127c8aa23izfgwhd0d6p6i1k8m0whg-python3.13-pytest-9.0.3-testout"
            },
            {
              "name": "dist",
              "path": "/nix/store/c8qv57r66sgcx7azis688hnb2a16inw7-python3.13-pytest-9.0.3-dist"
            }
          ],
          "store_path": "/nix/store/w16y0pnha1p2bkbsksilrwrw7l7n3hnx-python3.13-pytest-9.0.3"
        }
      }
    },
    "python313Packages.ruff@0.15.17": {
      "last_modified": "2026-06-16T10:57:20Z",
      "resolved": "github:NixOS/nixpkgs/3e41b24abd260e8f71dbe2f5737d24122f972158#python313Packages.ruff",
      "source": "devbox-search",
      "version": "0.15.17",
      "systems": {
        "aarch64-darwin": {
          "outputs": [
            {
              "name": "out",
              "path": "/nix/store/4wlihb2r09yl9mg67l05wgmizkp6wmiz-python3.13-ruff-0.15.17",
              "default": true
            },
            {
              "name": "dist",
              "path": "/nix/store/0vg7is61hp8mg3b32ibrhbx2zg4icgh6-python3.13-ruff-0.15.17-dist"
            }
          ],
          "store_path": "/nix/store/4wlihb2r09yl9mg67l05wgmizkp6wmiz-python3.13-ruff-0.15.17"
        },
        "aarch64-linux": {
          "outputs": [
            {
              "name": "out",
              "path": "/nix/store/s7m100vh5q7wfqqrhf99kfvd46qqxb33-python3.13-ruff-0.15.17",
              "default": true
            },
            {
              "name": "dist",
              "path": "/nix/store/3487krk4g54x80w73pjvwcfrdf73h3cm-python3.13-ruff-0.15.17-dist"
            }
          ],
          "store_path": "/nix/store/s7m100vh5q7wfqqrhf99kfvd46qqxb33-python3.13-ruff-0.15.17"
        },
        "x86_64-darwin": {
          "outputs": [
            {
              "name": "out",
              "path": "/nix/store/hvhpbvbx4jbah1xg2kvhlh1blng1ksrh-python3.13-ruff-0.15.17",
              "default": true
            },
            {
              "name": "dist",
              "path": "/nix/store/nzhs10bsbvbflik2clcsl37gp7bnrsc8-python3.13-ruff-0.15.17-dist"
            }
          ],
          "store_path": "/nix/store/hvhpbvbx4jbah1xg2kvhlh1blng1ksrh-python3.13-ruff-0.15.17"
        },
        "x86_64-linux": {
          "outputs": [
            {
              "name": "out",
              "path": "/nix/store/1msmpvr9fsyfc79d2071h1ca38d695pf-python3.13-ruff-0.15.17",
              "default": true
            },
            {
              "name": "dist",
              "path": "/nix/store/brlj73li9pjyngigb9gg6hlnhk5mz4yx-python3.13-ruff-0.15.17-dist"
            }
          ],
          "store_path": "/nix/store/1msmpvr9fsyfc79d2071h1ca38d695pf-python3.13-ruff-0.15.17"
        }
      }
    },
    "yamllint@1.37.1": {
      "last_modified": "2025-10-07T08:41:47Z",
      "resolved": "github:NixOS/nixpkgs/bce5fe2bb998488d8e7e7856315f90496723793c#yamllint",
      "source": "devbox-search",
      "version": "1.37.1",
      "systems": {
        "aarch64-darwin": {
          "outputs": [
            {
              "name": "out",
              "path": "/nix/store/s27a4grrpss93zlb6j6zh7qwnc3zr3kr-python3.13-yamllint-1.37.1",
              "default": true
            },
            {
              "name": "dist",
              "path": "/nix/store/mnlbzhjhq1skg7mqmy842ipcap6fldi7-python3.13-yamllint-1.37.1-dist"
            }
          ],
          "store_path": "/nix/store/s27a4grrpss93zlb6j6zh7qwnc3zr3kr-python3.13-yamllint-1.37.1"
        },
        "aarch64-linux": {
          "outputs": [
            {
              "name": "out",
              "path": "/nix/store/948cqxrsm2ad9kmwvzxak2cqsizlj0mz-python3.13-yamllint-1.37.1",
              "default": true
            },
            {
              "name": "dist",
              "path": "/nix/store/5g1n5gigjvigj4qr4873ply36m1bc1ns-python3.13-yamllint-1.37.1-dist"
            }
          ],
          "store_path": "/nix/store/948cqxrsm2ad9kmwvzxak2cqsizlj0mz-python3.13-yamllint-1.37.1"
        },
        "x86_64-darwin": {
          "outputs": [
            {
              "name": "out",
              "path": "/nix/store/qzza3ghd9n2j4mw5ig62rh3wfyz9iy24-python3.13-yamllint-1.37.1",
              "default": true
            },
            {
              "name": "dist",
              "path": "/nix/store/3i7nwvkcb1rjiyc8xlz9vm1w9svhas8y-python3.13-yamllint-1.37.1-dist"
            }
          ],
          "store_path": "/nix/store/qzza3ghd9n2j4mw5ig62rh3wfyz9iy24-python3.13-yamllint-1.37.1"
        },
        "x86_64-linux": {
          "outputs": [
            {
              "name": "out",
              "path": "/nix/store/8hh67f8i24qi3cj663qr61fg2r43zpny-python3.13-yamllint-1.37.1",
              "default": true
            },
            {
              "name": "dist",
              "path": "/nix/store/wxy7pi9zj7m7q4k8mkypvqm7dwnyzq63-python3.13-yamllint-1.37.1-dist"
            }
          ],
          "store_path": "/nix/store/8hh67f8i24qi3cj663qr61fg2r43zpny-python3.13-yamllint-1.37.1"
        }
      }
    }
  }
}
