{
  "lockfile_version": "1",
  "packages": {
    "ansible-doctor@8.1.1": {
      "last_modified": "2026-01-01T04:40:00Z",
      "resolved": "github:NixOS/nixpkgs/c04833a1e584401bb63c1a63ddc51a71e6aa457a#ansible-doctor",
      "source": "devbox-search",
      "version": "8.1.1",
      "systems": {
        "aarch64-darwin": {
          "outputs": [
            {
              "name": "out",
              "path": "/nix/store/cfrpayf1r2qg2shivsdmq6b56rv7q562-ansible-doctor-8.1.1",
              "default": true
            },
            {
              "name": "dist",
              "path": "/nix/store/gqy0dvclksa7r3yfa0a33agdrcppp1r8-ansible-doctor-8.1.1-dist"
            }
          ],
          "store_path": "/nix/store/cfrpayf1r2qg2shivsdmq6b56rv7q562-ansible-doctor-8.1.1"
        },
        "aarch64-linux": {
          "outputs": [
            {
              "name": "out",
              "path": "/nix/store/s2kalj3gxwdppfvih77q3xj7fqkrbkhj-ansible-doctor-8.1.1",
              "default": true
            },
            {
              "name": "dist",
              "path": "/nix/store/5j02n0wbl4kr6frhv9cj11jsffh8hb77-ansible-doctor-8.1.1-dist"
            }
          ],
          "store_path": "/nix/store/s2kalj3gxwdppfvih77q3xj7fqkrbkhj-ansible-doctor-8.1.1"
        },
        "x86_64-darwin": {
          "outputs": [
            {
              "name": "out",
              "path": "/nix/store/b9s3plxqm47fnsnb1985snmkrdwzivc0-ansible-doctor-8.1.1",
              "default": true
            },
            {
              "name": "dist",
              "path": "/nix/store/chy1nksrapkf855ay8l53nlk48rn328r-ansible-doctor-8.1.1-dist"
            }
          ],
          "store_path": "/nix/store/b9s3plxqm47fnsnb1985snmkrdwzivc0-ansible-doctor-8.1.1"
        },
        "x86_64-linux": {
          "outputs": [
            {
              "name": "out",
              "path": "/nix/store/83fbxiispijvcch848snd2dwzpc9vjsj-ansible-doctor-8.1.1",
              "default": true
            },
            {
              "name": "dist",
              "path": "/nix/store/vczh6s2422g2m1zrhbwm3qycbn7mwbna-ansible-doctor-8.1.1-dist"
            }
          ],
          "store_path": "/nix/store/83fbxiispijvcch848snd2dwzpc9vjsj-ansible-doctor-8.1.1"
        }
      }
    },
    "ansible-lint@25.8.2": {
      "last_modified": "2025-10-13T09:56:54Z",
      "resolved": "github:NixOS/nixpkgs/c12c63cd6c5eb34c7b4c3076c6a99e00fcab86ec#ansible-lint",
      "source": "devbox-search",
      "version": "25.8.2",
      "systems": {
        "aarch64-darwin": {
          "outputs": [
            {
              "name": "out",
              "path": "/nix/store/d8580fd3cffw4s2nxnplqxshbf3cyi8s-ansible-lint-25.8.2",
              "default": true
            },
            {
              "name": "dist",
              "path": "/nix/store/p18f47w4alrkcajhaw94cwll0xrrn93n-ansible-lint-25.8.2-dist"
            }
          ],
          "store_path": "/nix/store/d8580fd3cffw4s2nxnplqxshbf3cyi8s-ansible-lint-25.8.2"
        },
        "aarch64-linux": {
          "outputs": [
            {
              "name": "out",
              "path": "/nix/store/c3703s1y1zvbn23wc250970h9af1418z-ansible-lint-25.8.2",
              "default": true
            },
            {
              "name": "dist",
              "path": "/nix/store/pfyzr9s04wpnxgxnwn378p2kpkbcpx7c-ansible-lint-25.8.2-dist"
            }
          ],
          "store_path": "/nix/store/c3703s1y1zvbn23wc250970h9af1418z-ansible-lint-25.8.2"
        },
        "x86_64-darwin": {
          "outputs": [
            {
              "name": "out",
              "path": "/nix/store/6xpcw4hi8p3vg3gj9hfvpy85n1qs3ybj-ansible-lint-25.8.2",
              "default": true
            },
            {
              "name": "dist",
              "path": "/nix/store/knjg2ibdqa9iqcjx912sbfrlnlk55d8y-ansible-lint-25.8.2-dist"
            }
          ],
          "store_path": "/nix/store/6xpcw4hi8p3vg3gj9hfvpy85n1qs3ybj-ansible-lint-25.8.2"
        },
        "x86_64-linux": {
          "outputs": [
            {
              "name": "out",
              "path": "/nix/store/q99knig71sz074sn7q3ip02lg60kr4i5-ansible-lint-25.8.2",
              "default": true
            },
            {
              "name": "dist",
              "path": "/nix/store/i7i3p63brwqzcgxhp7sm676ald9c9m0p-ansible-lint-25.8.2-dist"
            }
          ],
          "store_path": "/nix/store/q99knig71sz074sn7q3ip02lg60kr4i5-ansible-lint-25.8.2"
        }
      }
    },
    "git@2.51.2": {
      "last_modified": "2025-11-15T07:28:48Z",
      "resolved": "github:NixOS/nixpkgs/1d4c88323ac36805d09657d13a5273aea1b34f0c#git",
      "source": "devbox-search",
      "version": "2.51.2",
      "systems": {
        "aarch64-darwin": {
          "outputs": [
            {
              "name": "out",
              "path": "/nix/store/k2vlwnvjcmnig77p65zipibvvim8rxq7-git-2.51.2",
              "default": true
            },
            {
              "name": "doc",
              "path": "/nix/store/6x44hx2f6g1y1viiaian2bvypb8djq39-git-2.51.2-doc"
            }
          ],
          "store_path": "/nix/store/k2vlwnvjcmnig77p65zipibvvim8rxq7-git-2.51.2"
        },
        "aarch64-linux": {
          "outputs": [
            {
              "name": "out",
              "path": "/nix/store/55j9qicj9fghz8yk3xsn2y9ab5mj4jdr-git-2.51.2",
              "default": true
            },
            {
              "name": "debug",
              "path": "/nix/store/vspa1pprrnj7xz3bhqayzih5mi7vhvvh-git-2.51.2-debug"
            },
            {
              "name": "doc",
              "path": "/nix/store/6zdv508cvrgfsnvvv5003ivsfcqngfvs-git-2.51.2-doc"
            }
          ],
          "store_path": "/nix/store/55j9qicj9fghz8yk3xsn2y9ab5mj4jdr-git-2.51.2"
        },
        "x86_64-darwin": {
          "outputs": [
            {
              "name": "out",
              "path": "/nix/store/sz4zzn7y6gal019wmqzxvcxc97wkgp9n-git-2.51.2",
              "default": true
            },
            {
              "name": "doc",
              "path": "/nix/store/np4lannd0w8jpagqw7mry4gklr903s2n-git-2.51.2-doc"
            }
          ],
          "store_path": "/nix/store/sz4zzn7y6gal019wmqzxvcxc97wkgp9n-git-2.51.2"
        },
        "x86_64-linux": {
          "outputs": [
            {
              "name": "out",
              "path": "/nix/store/q6jjgnyivwx7r4wynsi6g36k6srfy7mk-git-2.51.2",
              "default": true
            },
            {
              "name": "debug",
              "path": "/nix/store/f6zjr2bcd31qpvj4d4qsvqhfnnyc1kaz-git-2.51.2-debug"
            },
            {
              "name": "doc",
              "path": "/nix/store/9bir646idszbrn3j3wz98xq4m0kvzgrp-git-2.51.2-doc"
            }
          ],
          "store_path": "/nix/store/q6jjgnyivwx7r4wynsi6g36k6srfy7mk-git-2.51.2"
        }
      }
    },
    "github:NixOS/nixpkgs/nixpkgs-unstable": {
      "last_modified": "2025-10-16T06:36:44Z",
      "resolved": "github:NixOS/nixpkgs/3cbe716e2346710d6e1f7c559363d14e11c32a43?lastModified=1760596604&narHash=sha256-J%2Fi5K6AAz%2Fy5dBePHQOuzC7MbhyTOKsd%2FGLezSbEFiM%3D"
    },
    "glibcLocales@2.40-66": {
      "last_modified": "2025-10-07T08:41:47Z",
      "resolved": "github:NixOS/nixpkgs/bce5fe2bb998488d8e7e7856315f90496723793c#glibcLocales",
      "source": "devbox-search",
      "version": "2.40-66",
      "systems": {
        "aarch64-linux": {
          "outputs": [
            {
              "name": "out",
              "path": "/nix/store/m5rgm9gbncx9nmqalyidnsz85dh5x7dd-glibc-locales-2.40-66",
              "default": true
            }
          ],
          "store_path": "/nix/store/m5rgm9gbncx9nmqalyidnsz85dh5x7dd-glibc-locales-2.40-66"
        },
        "x86_64-linux": {
          "outputs": [
            {
              "name": "out",
              "path": "/nix/store/qr1k8avryysx5m9ggbcds123d7y6f6as-glibc-locales-2.40-66",
              "default": true
            }
          ],
          "store_path": "/nix/store/qr1k8avryysx5m9ggbcds123d7y6f6as-glibc-locales-2.40-66"
        }
      }
    },
    "go-task@3.45.5": {
      "last_modified": "2025-11-18T03:14:24Z",
      "resolved": "github:NixOS/nixpkgs/0ade817efdde79cbc46b624c849027335ebc25c5#go-task",
      "source": "devbox-search",
      "version": "3.45.5",
      "systems": {
        "aarch64-darwin": {
          "outputs": [
            {
              "name": "out",
              "path": "/nix/store/2rzij86mkkk9w9mhi1ka1qq6yg1a1q45-go-task-3.45.5",
              "default": true
            }
          ],
          "store_path": "/nix/store/2rzij86mkkk9w9mhi1ka1qq6yg1a1q45-go-task-3.45.5"
        },
        "aarch64-linux": {
          "outputs": [
            {
              "name": "out",
              "path": "/nix/store/7rqbfqprqf5ya9zqc22h12chg1q32vsl-go-task-3.45.5",
              "default": true
            }
          ],
          "store_path": "/nix/store/7rqbfqprqf5ya9zqc22h12chg1q32vsl-go-task-3.45.5"
        },
        "x86_64-darwin": {
          "outputs": [
            {
              "name": "out",
              "path": "/nix/store/s094zzla3026k58f5dwqs8svsxzgs7bp-go-task-3.45.5",
              "default": true
            }
          ],
          "store_path": "/nix/store/s094zzla3026k58f5dwqs8svsxzgs7bp-go-task-3.45.5"
        },
        "x86_64-linux": {
          "outputs": [
            {
              "name": "out",
              "path": "/nix/store/4yqkir1svm1bn2hwlqxxl7iq2pd6z423-go-task-3.45.5",
              "default": true
            }
          ],
          "store_path": "/nix/store/4yqkir1svm1bn2hwlqxxl7iq2pd6z423-go-task-3.45.5"
        }
      }
    },
    "jq@1.8.1": {
      "last_modified": "2025-10-13T09:56:54Z",
      "resolved": "github:NixOS/nixpkgs/c12c63cd6c5eb34c7b4c3076c6a99e00fcab86ec#jq",
      "source": "devbox-search",
      "version": "1.8.1",
      "systems": {
        "aarch64-darwin": {
          "outputs": [
            {
              "name": "bin",
              "path": "/nix/store/cvw7i7807zffz5pn6sjncyp1wkwbgxzm-jq-1.8.1-bin",
              "default": true
            },
            {
              "name": "man",
              "path": "/nix/store/v97vjz6sgnah1i85s9vvjb2cxjah4vyd-jq-1.8.1-man",
              "default": true
            },
            {
              "name": "dev",
              "path": "/nix/store/bsi7cf9lk3i4zyv7s0i2hpgy4ifgqvdy-jq-1.8.1-dev"
            },
            {
              "name": "doc",
              "path": "/nix/store/jp8v5mjg55vxcjqzcc3g4csl5hdym0c8-jq-1.8.1-doc"
            },
            {
              "name": "out",
              "path": "/nix/store/j1wzyw1jrlg7kvbxrizvsn0s03zywgka-jq-1.8.1"
            }
          ],
          "store_path": "/nix/store/cvw7i7807zffz5pn6sjncyp1wkwbgxzm-jq-1.8.1-bin"
        },
        "aarch64-linux": {
          "outputs": [
            {
              "name": "bin",
              "path": "/nix/store/p9fcj9s7x82v83sdknjrg40jkl4rvn18-jq-1.8.1-bin",
              "default": true
            },
            {
              "name": "man",
              "path": "/nix/store/5asinq45hb2rdaqxsm35sxq568z19i7v-jq-1.8.1-man",
              "default": true
            },
            {
              "name": "dev",
              "path": "/nix/store/m49lxha1r6qyylhkbvkg53kky6bffqp1-jq-1.8.1-dev"
            },
            {
              "name": "doc",
              "path": "/nix/store/14yqvw1kq0mbsnjnza1malqxr40plzq2-jq-1.8.1-doc"
            },
            {
              "name": "out",
              "path": "/nix/store/hv5xwipvr0lyhgii8w532250a6zl29s6-jq-1.8.1"
            }
          ],
          "store_path": "/nix/store/p9fcj9s7x82v83sdknjrg40jkl4rvn18-jq-1.8.1-bin"
        },
        "x86_64-darwin": {
          "outputs": [
            {
              "name": "bin",
              "path": "/nix/store/5w2pssdswkc41rsvn5mklfs2v07nl609-jq-1.8.1-bin",
              "default": true
            },
            {
              "name": "man",
              "path": "/nix/store/xnafw5gzwy0aycpqc3vmldjm1p2qjqh0-jq-1.8.1-man",
              "default": true
            },
            {
              "name": "dev",
              "path": "/nix/store/ni5787yy9q4gqgrd5s20pl3kswb1m580-jq-1.8.1-dev"
            },
            {
              "name": "doc",
              "path": "/nix/store/wfxzfhazy5q9b5azir5kaxf6d8l1axir-jq-1.8.1-doc"
            },
            {
              "name": "out",
              "path": "/nix/store/cwyjwb25xy3kj2r873rm5g8rkd5l68r1-jq-1.8.1"
            }
          ],
          "store_path": "/nix/store/5w2pssdswkc41rsvn5mklfs2v07nl609-jq-1.8.1-bin"
        },
        "x86_64-linux": {
          "outputs": [
            {
              "name": "bin",
              "path": "/nix/store/6y8c4kikq5nka2qnza009j03bvkx2l5l-jq-1.8.1-bin",
              "default": true
            },
            {
              "name": "man",
              "path": "/nix/store/gkl03xki3msw3dylzji7gkiwnxmk3pdp-jq-1.8.1-man",
              "default": true
            },
            {
              "name": "dev",
              "path": "/nix/store/356jlk3akii9kwkb4hmh5xx2mkrb6nqi-jq-1.8.1-dev"
            },
            {
              "name": "doc",
              "path": "/nix/store/fm9ffa3r4l8i5gl24xj8cm0ggys8sz7j-jq-1.8.1-doc"
            },
            {
              "name": "out",
              "path": "/nix/store/brz9jqz43dpvb0ia8idhjlxpccplldpq-jq-1.8.1"
            }
          ],
          "store_path": "/nix/store/6y8c4kikq5nka2qnza009j03bvkx2l5l-jq-1.8.1-bin"
        }
      }
    },
    "kind@0.31.0": {
      "last_modified": "2025-12-27T03:48:10Z",
      "resolved": "github:NixOS/nixpkgs/4eec65df50d796a8fd9c146a09b5007916ce376b#kind",
      "source": "devbox-search",
      "version": "0.31.0",
      "systems": {
        "aarch64-darwin": {
          "outputs": [
            {
              "name": "out",
              "path": "/nix/store/0481jp5p025qg4w6nvgljf5dfnjv7zp5-kind-0.31.0",
              "default": true
            }
          ],
          "store_path": "/nix/store/0481jp5p025qg4w6nvgljf5dfnjv7zp5-kind-0.31.0"
        },
        "aarch64-linux": {
          "outputs": [
            {
              "name": "out",
              "path": "/nix/store/44rwlgmi57xkkrb359wbj2xzrsaclqfv-kind-0.31.0",
              "default": true
            }
          ],
          "store_path": "/nix/store/44rwlgmi57xkkrb359wbj2xzrsaclqfv-kind-0.31.0"
        },
        "x86_64-darwin": {
          "outputs": [
            {
              "name": "out",
              "path": "/nix/store/xdp8sz4jj8fg97aq3kngm7zj775hs9il-kind-0.31.0",
              "default": true
            }
          ],
          "store_path": "/nix/store/xdp8sz4jj8fg97aq3kngm7zj775hs9il-kind-0.31.0"
        },
        "x86_64-linux": {
          "outputs": [
            {
              "name": "out",
              "path": "/nix/store/m5zqwjnaymrfvgylvvsvppq1qz69zlam-kind-0.31.0",
              "default": true
            }
          ],
          "store_path": "/nix/store/m5zqwjnaymrfvgylvvsvppq1qz69zlam-kind-0.31.0"
        }
      }
    },
    "kubectl@1.34.3": {
      "last_modified": "2025-12-16T16:49:59Z",
      "resolved": "github:NixOS/nixpkgs/e8d16d2186d6ed9f047eb30948e97e7e01886d10#kubectl",
      "source": "devbox-search",
      "version": "1.34.3",
      "systems": {
        "aarch64-darwin": {
          "outputs": [
            {
              "name": "out",
              "path": "/nix/store/wh7x3h048nvpnz9iv8m2wff57rcbns4h-kubectl-1.34.3",
              "default": true
            },
            {
              "name": "man",
              "path": "/nix/store/0z1gk04zvcpy5zm43j42p9sxdkx9gsap-kubectl-1.34.3-man",
              "default": true
            },
            {
              "name": "convert",
              "path": "/nix/store/sgjynqwjc1bzd9j90x50l1f4k8av0q7y-kubectl-1.34.3-convert"
            }
          ],
          "store_path": "/nix/store/wh7x3h048nvpnz9iv8m2wff57rcbns4h-kubectl-1.34.3"
        },
        "aarch64-linux": {
          "outputs": [
            {
              "name": "out",
              "path": "/nix/store/sm68c4d3gg7sch2fpa3ilmlxilqm9525-kubectl-1.34.3",
              "default": true
            },
            {
              "name": "man",
              "path": "/nix/store/d1ld1hbv276y9342aq4wa3x1mjfsd0wq-kubectl-1.34.3-man",
              "default": true
            },
            {
              "name": "convert",
              "path": "/nix/store/2s84f8b0y40879v5vxarlg8h5i6whjab-kubectl-1.34.3-convert"
            }
          ],
          "store_path": "/nix/store/sm68c4d3gg7sch2fpa3ilmlxilqm9525-kubectl-1.34.3"
        },
        "x86_64-darwin": {
          "outputs": [
            {
              "name": "out",
              "path": "/nix/store/4rbd3ml1ibkbp41vp23p3712m5ziqcfm-kubectl-1.34.3",
              "default": true
            },
            {
              "name": "man",
              "path": "/nix/store/k83zqin5j3879l38dly5w4nfg536p170-kubectl-1.34.3-man",
              "default": true
            },
            {
              "name": "convert",
              "path": "/nix/store/r9dni0s5zc9hka7zbi36jglqlj3n7bgm-kubectl-1.34.3-convert"
            }
          ],
          "store_path": "/nix/store/4rbd3ml1ibkbp41vp23p3712m5ziqcfm-kubectl-1.34.3"
        },
        "x86_64-linux": {
          "outputs": [
            {
              "name": "out",
              "path": "/nix/store/589b0djk7wn3k3chyzp9a6wi6al95wn1-kubectl-1.34.3",
              "default": true
            },
            {
              "name": "man",
              "path": "/nix/store/sc5pab1b1hd20gpvk5rzj638wkgz0pvz-kubectl-1.34.3-man",
              "default": true
            },
            {
              "name": "convert",
              "path": "/nix/store/4cyp95klz5fvnfsizj2n93mfbhmg7v39-kubectl-1.34.3-convert"
            }
          ],
          "store_path": "/nix/store/589b0djk7wn3k3chyzp9a6wi6al95wn1-kubectl-1.34.3"
        }
      }
    },
    "kubernetes-helm@3.19.1": {
      "last_modified": "2025-11-12T10:38:40Z",
      "resolved": "github:NixOS/nixpkgs/91c9a64ce2a84e648d0cf9671274bb9c2fb9ba60#kubernetes-helm",
      "source": "devbox-search",
      "version": "3.19.1",
      "systems": {
        "aarch64-darwin": {
          "outputs": [
            {
              "name": "out",
              "path": "/nix/store/8f0v5dmnpisnzq9n76wbnps5vf85r9sk-kubernetes-helm-3.19.1",
              "default": true
            }
          ],
          "store_path": "/nix/store/8f0v5dmnpisnzq9n76wbnps5vf85r9sk-kubernetes-helm-3.19.1"
        },
        "aarch64-linux": {
          "outputs": [
            {
              "name": "out",
              "path": "/nix/store/ybvbgnswylr7799vmgxiarj1p70wfzbd-kubernetes-helm-3.19.1",
              "default": true
            }
          ],
          "store_path": "/nix/store/ybvbgnswylr7799vmgxiarj1p70wfzbd-kubernetes-helm-3.19.1"
        },
        "x86_64-darwin": {
          "outputs": [
            {
              "name": "out",
              "path": "/nix/store/64rb8xfaly932pnjwq61x8ql4kx6mfw0-kubernetes-helm-3.19.1",
              "default": true
            }
          ],
          "store_path": "/nix/store/64rb8xfaly932pnjwq61x8ql4kx6mfw0-kubernetes-helm-3.19.1"
        },
        "x86_64-linux": {
          "outputs": [
            {
              "name": "out",
              "path": "/nix/store/iqnqxm017nzqcxqlwmrp9qg9gjvir264-kubernetes-helm-3.19.1",
              "default": true
            }
          ],
          "store_path": "/nix/store/iqnqxm017nzqcxqlwmrp9qg9gjvir264-kubernetes-helm-3.19.1"
        }
      }
    },
    "pre-commit@4.5.1": {
      "last_modified": "2025-12-19T06:18:24Z",
      "resolved": "github:NixOS/nixpkgs/7d853e518814cca2a657b72eeba67ae20ebf7059#pre-commit",
      "source": "devbox-search",
      "version": "4.5.1",
      "systems": {
        "aarch64-darwin": {
          "outputs": [
            {
              "name": "out",
              "path": "/nix/store/yagix71f4isji0myf607lg6fnp2v8pzd-pre-commit-4.5.1",
              "default": true
            },
            {
              "name": "dist",
              "path": "/nix/store/93pci74s78ys6kl0wkngbya11lc8w0wk-pre-commit-4.5.1-dist"
            }
          ],
          "store_path": "/nix/store/yagix71f4isji0myf607lg6fnp2v8pzd-pre-commit-4.5.1"
        },
        "aarch64-linux": {
          "outputs": [
            {
              "name": "out",
              "path": "/nix/store/ilrpcyddb85m5gy62l4rvsfb7s7dhrd7-pre-commit-4.5.1",
              "default": true
            },
            {
              "name": "dist",
              "path": "/nix/store/kfy8345gm5xcc5dlygg2zfyd0w462242-pre-commit-4.5.1-dist"
            }
          ],
          "store_path": "/nix/store/ilrpcyddb85m5gy62l4rvsfb7s7dhrd7-pre-commit-4.5.1"
        },
        "x86_64-darwin": {
          "outputs": [
            {
              "name": "out",
              "path": "/nix/store/7dxds9ch0bnmadp07ppzyrlw0wxmihsl-pre-commit-4.5.1",
              "default": true
            },
            {
              "name": "dist",
              "path": "/nix/store/8wqpnr6yvlzas2yssl4icvsyslk82b78-pre-commit-4.5.1-dist"
            }
          ],
          "store_path": "/nix/store/7dxds9ch0bnmadp07ppzyrlw0wxmihsl-pre-commit-4.5.1"
        },
        "x86_64-linux": {
          "outputs": [
            {
              "name": "out",
              "path": "/nix/store/nq4n5yd6paaqc8hm1f54g9lsz87zpwzm-pre-commit-4.5.1",
              "default": true
            },
            {
              "name": "dist",
              "path": "/nix/store/1bljyj2nkv05jm4q84rj6fbr4zc1q26p-pre-commit-4.5.1-dist"
            }
          ],
          "store_path": "/nix/store/nq4n5yd6paaqc8hm1f54g9lsz87zpwzm-pre-commit-4.5.1"
        }
      }
    },
    "python313Packages.ansible@13.1.0": {
      "last_modified": "2025-12-25T09:06:15Z",
      "resolved": "github:NixOS/nixpkgs/3c1016e6acd16ad96053116d0d3043029c9e2649#python313Packages.ansible",
      "source": "devbox-search",
      "version": "13.1.0",
      "systems": {
        "aarch64-darwin": {
          "outputs": [
            {
              "name": "out",
              "path": "/nix/store/cbz221gjsifbqrfbjqnwmixk5nkz9f68-python3.13-ansible-13.1.0",
              "default": true
            },
            {
              "name": "dist",
              "path": "/nix/store/xq29agm4ff0baajd8b7p0182bn0mlqyx-python3.13-ansible-13.1.0-dist"
            }
          ],
          "store_path": "/nix/store/cbz221gjsifbqrfbjqnwmixk5nkz9f68-python3.13-ansible-13.1.0"
        },
        "aarch64-linux": {
          "outputs": [
            {
              "name": "out",
              "path": "/nix/store/20f03zbay40v3jk2wkq2d43qs6jbjxqz-python3.13-ansible-13.1.0",
              "default": true
            },
            {
              "name": "dist",
              "path": "/nix/store/7jznjrysgq6q87sfc5dndm35adzapi36-python3.13-ansible-13.1.0-dist"
            }
          ],
          "store_path": "/nix/store/20f03zbay40v3jk2wkq2d43qs6jbjxqz-python3.13-ansible-13.1.0"
        },
        "x86_64-darwin": {
          "outputs": [
            {
              "name": "out",
              "path": "/nix/store/ljsbyp40mijbkz56g439ysghiak6aaid-python3.13-ansible-13.1.0",
              "default": true
            },
            {
              "name": "dist",
              "path": "/nix/store/i4nn6xkrdpbgllvs2lzhkqnqb62r887i-python3.13-ansible-13.1.0-dist"
            }
          ],
          "store_path": "/nix/store/ljsbyp40mijbkz56g439ysghiak6aaid-python3.13-ansible-13.1.0"
        },
        "x86_64-linux": {
          "outputs": [
            {
              "name": "out",
              "path": "/nix/store/yygbgf74rpx1cb23xlv8y2qmd2ivw5kk-python3.13-ansible-13.1.0",
              "default": true
            },
            {
              "name": "dist",
              "path": "/nix/store/va1arm9fwl74dfvj2ddyk9s6qnwakbj0-python3.13-ansible-13.1.0-dist"
            }
          ],
          "store_path": "/nix/store/yygbgf74rpx1cb23xlv8y2qmd2ivw5kk-python3.13-ansible-13.1.0"
        }
      }
    },
    "python313Packages.boto3@1.40.18": {
      "last_modified": "2025-10-07T08:41:47Z",
      "resolved": "github:NixOS/nixpkgs/bce5fe2bb998488d8e7e7856315f90496723793c#python313Packages.boto3",
      "source": "devbox-search",
      "version": "1.40.18",
      "systems": {
        "aarch64-darwin": {
          "outputs": [
            {
              "name": "out",
              "path": "/nix/store/9xr571rra7p526w2hb1lr23snpyxc003-python3.13-boto3-1.40.18",
              "default": true
            },
            {
              "name": "dist",
              "path": "/nix/store/79j721jxv0krl0v3fvh7c159k2vhkp0x-python3.13-boto3-1.40.18-dist"
            }
          ],
          "store_path": "/nix/store/9xr571rra7p526w2hb1lr23snpyxc003-python3.13-boto3-1.40.18"
        },
        "aarch64-linux": {
          "outputs": [
            {
              "name": "out",
              "path": "/nix/store/g1l51xlwsmnp5mvq8zpj2c4z4dvr0pyn-python3.13-boto3-1.40.18",
              "default": true
            },
            {
              "name": "dist",
              "path": "/nix/store/hyx4ydxkdk11pzw78iml5sw1q8vm2pmp-python3.13-boto3-1.40.18-dist"
            }
          ],
          "store_path": "/nix/store/g1l51xlwsmnp5mvq8zpj2c4z4dvr0pyn-python3.13-boto3-1.40.18"
        },
        "x86_64-darwin": {
          "outputs": [
            {
              "name": "out",
              "path": "/nix/store/vs7ip2q6z7k10vk23l3b1zbw13gydk77-python3.13-boto3-1.40.18",
              "default": true
            },
            {
              "name": "dist",
              "path": "/nix/store/kqbyibamg4dfbg3dvqn0wgkhhqvwf77w-python3.13-boto3-1.40.18-dist"
            }
          ],
          "store_path": "/nix/store/vs7ip2q6z7k10vk23l3b1zbw13gydk77-python3.13-boto3-1.40.18"
        },
        "x86_64-linux": {
          "outputs": [
            {
              "name": "out",
              "path": "/nix/store/zwbq39s515hwxxc9za4j0jg3xw4ra604-python3.13-boto3-1.40.18",
              "default": true
            },
            {
              "name": "dist",
              "path": "/nix/store/8ksi6yi3654j4r6qd170zqkmiypr8ams-python3.13-boto3-1.40.18-dist"
            }
          ],
          "store_path": "/nix/store/zwbq39s515hwxxc9za4j0jg3xw4ra604-python3.13-boto3-1.40.18"
        }
      }
    },
    "python313Packages.kubernetes@33.1.0": {
      "last_modified": "2025-10-07T08:41:47Z",
      "resolved": "github:NixOS/nixpkgs/bce5fe2bb998488d8e7e7856315f90496723793c#python313Packages.kubernetes",
      "source": "devbox-search",
      "version": "33.1.0",
      "systems": {
        "aarch64-darwin": {
          "outputs": [
            {
              "name": "out",
              "path": "/nix/store/4s4kcp111d3jblivxm044p7jyhdqgybj-python3.13-kubernetes-33.1.0",
              "default": true
            },
            {
              "name": "dist",
              "path": "/nix/store/2gsyvwq3w0bk2izgcxpdn8qzichrkdkf-python3.13-kubernetes-33.1.0-dist"
            }
          ],
          "store_path": "/nix/store/4s4kcp111d3jblivxm044p7jyhdqgybj-python3.13-kubernetes-33.1.0"
        },
        "aarch64-linux": {
          "outputs": [
            {
              "name": "out",
              "path": "/nix/store/wb0k64cbmhsprqfaffyxw5h8ia3x3xxi-python3.13-kubernetes-33.1.0",
              "default": true
            },
            {
              "name": "dist",
              "path": "/nix/store/x68rdpyvn767r88rbc8kpww95pngd026-python3.13-kubernetes-33.1.0-dist"
            }
          ],
          "store_path": "/nix/store/wb0k64cbmhsprqfaffyxw5h8ia3x3xxi-python3.13-kubernetes-33.1.0"
        },
        "x86_64-darwin": {
          "outputs": [
            {
              "name": "out",
              "path": "/nix/store/jappj5vrgnckpggi2kci260k3ncrnrn1-python3.13-kubernetes-33.1.0",
              "default": true
            },
            {
              "name": "dist",
              "path": "/nix/store/7qalf94ghfkc0bvhywprx76cll2wy1yg-python3.13-kubernetes-33.1.0-dist"
            }
          ],
          "store_path": "/nix/store/jappj5vrgnckpggi2kci260k3ncrnrn1-python3.13-kubernetes-33.1.0"
        },
        "x86_64-linux": {
          "outputs": [
            {
              "name": "out",
              "path": "/nix/store/29xmpdhz2aqzrz8fy9n2j9pdapgajw03-python3.13-kubernetes-33.1.0",
              "default": true
            },
            {
              "name": "dist",
              "path": "/nix/store/p5dy898x7vfjgbcrdfxr5cy2461r2wa5-python3.13-kubernetes-33.1.0-dist"
            }
          ],
          "store_path": "/nix/store/29xmpdhz2aqzrz8fy9n2j9pdapgajw03-python3.13-kubernetes-33.1.0"
        }
      }
    },
    "python313Packages.molecule-plugins@23.5.3": {
      "last_modified": "2025-10-07T08:41:47Z",
      "resolved": "github:NixOS/nixpkgs/bce5fe2bb998488d8e7e7856315f90496723793c#python313Packages.molecule-plugins",
      "source": "devbox-search",
      "version": "23.5.3",
      "systems": {
        "aarch64-darwin": {
          "outputs": [
            {
              "name": "out",
              "path": "/nix/store/drnd753d1mg6pm8fqrmyd3ly3mh4bfnl-python3.13-molecule-plugins-23.5.3",
              "default": true
            },
            {
              "name": "dist",
              "path": "/nix/store/2qaqbwnxxw45zv83c3plnxyi4padqq87-python3.13-molecule-plugins-23.5.3-dist"
            }
          ],
          "store_path": "/nix/store/drnd753d1mg6pm8fqrmyd3ly3mh4bfnl-python3.13-molecule-plugins-23.5.3"
        },
        "aarch64-linux": {
          "outputs": [
            {
              "name": "out",
              "path": "/nix/store/m1m551v23v1nn9bskgc4p7kxbs61bl2h-python3.13-molecule-plugins-23.5.3",
              "default": true
            },
            {
              "name": "dist",
              "path": "/nix/store/w7mzjjpwqfc105imn195gczm9gv563av-python3.13-molecule-plugins-23.5.3-dist"
            }
          ],
          "store_path": "/nix/store/m1m551v23v1nn9bskgc4p7kxbs61bl2h-python3.13-molecule-plugins-23.5.3"
        },
        "x86_64-darwin": {
          "outputs": [
            {
              "name": "out",
              "path": "/nix/store/isnv4m2c883hbpckxb1prx0lprwlxfhs-python3.13-molecule-plugins-23.5.3",
              "default": true
            },
            {
              "name": "dist",
              "path": "/nix/store/dgskg0rcg8yap8hzkgppxy8igmbyjma1-python3.13-molecule-plugins-23.5.3-dist"
            }
          ],
          "store_path": "/nix/store/isnv4m2c883hbpckxb1prx0lprwlxfhs-python3.13-molecule-plugins-23.5.3"
        },
        "x86_64-linux": {
          "outputs": [
            {
              "name": "out",
              "path": "/nix/store/vxgaz61w1nnp4dgchi0rvpvvz10w60x6-python3.13-molecule-plugins-23.5.3",
              "default": true
            },
            {
              "name": "dist",
              "path": "/nix/store/wm8rygn5dcahdl306y2mil1g1ns6n851-python3.13-molecule-plugins-23.5.3-dist"
            }
          ],
          "store_path": "/nix/store/vxgaz61w1nnp4dgchi0rvpvvz10w60x6-python3.13-molecule-plugins-23.5.3"
        }
      }
    },
    "python313Packages.molecule@25.12.0": {
      "last_modified": "2025-12-03T20:43:00Z",
      "resolved": "github:NixOS/nixpkgs/ebc94f855ef25347c314258c10393a92794e7ab9#python313Packages.molecule",
      "source": "devbox-search",
      "version": "25.12.0",
      "systems": {
        "aarch64-darwin": {
          "outputs": [
            {
              "name": "out",
              "path": "/nix/store/rf3gjjxdsj4plq5p7i0dmwp1hn1sva8l-python3.13-molecule-25.12.0",
              "default": true
            },
            {
              "name": "dist",
              "path": "/nix/store/1sj377rrh4dy6wj7plqnrn25fv62z0cl-python3.13-molecule-25.12.0-dist"
            }
          ],
          "store_path": "/nix/store/rf3gjjxdsj4plq5p7i0dmwp1hn1sva8l-python3.13-molecule-25.12.0"
        },
        "aarch64-linux": {
          "outputs": [
            {
              "name": "out",
              "path": "/nix/store/gcrr4qiirjn208728d5zdnsb9pka16pi-python3.13-molecule-25.12.0",
              "default": true
            },
            {
              "name": "dist",
              "path": "/nix/store/qr0r14ld8a220b397741vjd5c71ggjx3-python3.13-molecule-25.12.0-dist"
            }
          ],
          "store_path": "/nix/store/gcrr4qiirjn208728d5zdnsb9pka16pi-python3.13-molecule-25.12.0"
        },
        "x86_64-darwin": {
          "outputs": [
            {
              "name": "out",
              "path": "/nix/store/w12apdfqibr6labwglyyy53qyd2gkrml-python3.13-molecule-25.12.0",
              "default": true
            },
            {
              "name": "dist",
              "path": "/nix/store/7w04crvfqlq647wqqx848r4cm3fhllqi-python3.13-molecule-25.12.0-dist"
            }
          ],
          "store_path": "/nix/store/w12apdfqibr6labwglyyy53qyd2gkrml-python3.13-molecule-25.12.0"
        },
        "x86_64-linux": {
          "outputs": [
            {
              "name": "out",
              "path": "/nix/store/2anwcfd4kp5xb12dzlpnl03mw84h1pgq-python3.13-molecule-25.12.0",
              "default": true
            },
            {
              "name": "dist",
              "path": "/nix/store/jpg22c0ibyxxi8ada2anhm3ya5ynqww6-python3.13-molecule-25.12.0-dist"
            }
          ],
          "store_path": "/nix/store/2anwcfd4kp5xb12dzlpnl03mw84h1pgq-python3.13-molecule-25.12.0"
        }
      }
    },
    "python313Packages.moto@5.1.11": {
      "last_modified": "2025-10-07T08:41:47Z",
      "resolved": "github:NixOS/nixpkgs/bce5fe2bb998488d8e7e7856315f90496723793c#python313Packages.moto",
      "source": "devbox-search",
      "version": "5.1.11",
      "systems": {
        "aarch64-darwin": {
          "outputs": [
            {
              "name": "out",
              "path": "/nix/store/f1pwhf9rizh6ghvsa497cbvv19xcx550-python3.13-moto-5.1.11",
              "default": true
            },
            {
              "name": "dist",
              "path": "/nix/store/ml0vypgvp0m1l02fh5dibsq6fprddy3w-python3.13-moto-5.1.11-dist"
            }
          ],
          "store_path": "/nix/store/f1pwhf9rizh6ghvsa497cbvv19xcx550-python3.13-moto-5.1.11"
        },
        "aarch64-linux": {
          "outputs": [
            {
              "name": "out",
              "path": "/nix/store/5x0pzamxlzff8mi29jrg0abn534x4jgj-python3.13-moto-5.1.11",
              "default": true
            },
            {
              "name": "dist",
              "path": "/nix/store/z5br47j3d7f02fn5nh9f8ylbsbr6m8vm-python3.13-moto-5.1.11-dist"
            }
          ],
          "store_path": "/nix/store/5x0pzamxlzff8mi29jrg0abn534x4jgj-python3.13-moto-5.1.11"
        },
        "x86_64-darwin": {
          "outputs": [
            {
              "name": "out",
              "path": "/nix/store/xzyiwbsjzk1vjnl336xq8840qgrngijb-python3.13-moto-5.1.11",
              "default": true
            },
            {
              "name": "dist",
              "path": "/nix/store/mvl3wdhkjbd35259b33ga9wql0511j9b-python3.13-moto-5.1.11-dist"
            }
          ],
          "store_path": "/nix/store/xzyiwbsjzk1vjnl336xq8840qgrngijb-python3.13-moto-5.1.11"
        },
        "x86_64-linux": {
          "outputs": [
            {
              "name": "out",
              "path": "/nix/store/x1fg2n4r8wsl33cm3cs44pa5cnh7m8jp-python3.13-moto-5.1.11",
              "default": true
            },
            {
              "name": "dist",
              "path": "/nix/store/gwfi8gs6gk6949ifszzmpwh19hphxnf6-python3.13-moto-5.1.11-dist"
            }
          ],
          "store_path": "/nix/store/x1fg2n4r8wsl33cm3cs44pa5cnh7m8jp-python3.13-moto-5.1.11"
        }
      }
    },
    "python313Packages.pytest-ansible@25.12.0": {
      "last_modified": "2025-12-25T09:06:15Z",
      "resolved": "github:NixOS/nixpkgs/3c1016e6acd16ad96053116d0d3043029c9e2649#python313Packages.pytest-ansible",
      "source": "devbox-search",
      "version": "25.12.0",
      "systems": {
        "aarch64-darwin": {
          "outputs": [
            {
              "name": "out",
              "path": "/nix/store/mq5nga1zw41zi5bi71vj3yakavyac6cb-python3.13-pytest-ansible-25.12.0",
              "default": true
            },
            {
              "name": "dist",
              "path": "/nix/store/fah4bzll1n27dh4j0w37bxpa9a876lnf-python3.13-pytest-ansible-25.12.0-dist"
            }
          ],
          "store_path": "/nix/store/mq5nga1zw41zi5bi71vj3yakavyac6cb-python3.13-pytest-ansible-25.12.0"
        },
        "aarch64-linux": {
          "outputs": [
            {
              "name": "out",
              "path": "/nix/store/x7nv5ff6x0n81k4ff0nl0dxkkygi1nym-python3.13-pytest-ansible-25.12.0",
              "default": true
            },
            {
              "name": "dist",
              "path": "/nix/store/32qhfnxz5z1vg0ndxdwrvm84xqnyymm9-python3.13-pytest-ansible-25.12.0-dist"
            }
          ],
          "store_path": "/nix/store/x7nv5ff6x0n81k4ff0nl0dxkkygi1nym-python3.13-pytest-ansible-25.12.0"
        },
        "x86_64-darwin": {
          "outputs": [
            {
              "name": "out",
              "path": "/nix/store/rd0jg420phfrrj2g53z1blsns1x8jbcb-python3.13-pytest-ansible-25.12.0",
              "default": true
            },
            {
              "name": "dist",
              "path": "/nix/store/dkv2l9ijv944yw3jp0bwk2d6ncrmph7p-python3.13-pytest-ansible-25.12.0-dist"
            }
          ],
          "store_path": "/nix/store/rd0jg420phfrrj2g53z1blsns1x8jbcb-python3.13-pytest-ansible-25.12.0"
        },
        "x86_64-linux": {
          "outputs": [
            {
              "name": "out",
              "path": "/nix/store/vq7w7n5zn9b2l8978npa2x8s07pr3z9v-python3.13-pytest-ansible-25.12.0",
              "default": true
            },
            {
              "name": "dist",
              "path": "/nix/store/9ckd7na7hbwvp8ks12vmx08sir4zq3y8-python3.13-pytest-ansible-25.12.0-dist"
            }
          ],
          "store_path": "/nix/store/vq7w7n5zn9b2l8978npa2x8s07pr3z9v-python3.13-pytest-ansible-25.12.0"
        }
      }
    },
    "python313Packages.ruff@0.14.9": {
      "last_modified": "2025-12-13T16:46:16Z",
      "resolved": "github:NixOS/nixpkgs/23735a82a828372c4ef92c660864e82fbe2f5fbe#python313Packages.ruff",
      "source": "devbox-search",
      "version": "0.14.9",
      "systems": {
        "aarch64-darwin": {
          "outputs": [
            {
              "name": "out",
              "path": "/nix/store/0iy4jjygdh8zy2kgmik58mlx01zg1dfi-python3.13-ruff-0.14.9",
              "default": true
            },
            {
              "name": "dist",
              "path": "/nix/store/g2zrmjfj1mvpybx17pcaikvqzvb41ai0-python3.13-ruff-0.14.9-dist"
            }
          ],
          "store_path": "/nix/store/0iy4jjygdh8zy2kgmik58mlx01zg1dfi-python3.13-ruff-0.14.9"
        },
        "aarch64-linux": {
          "outputs": [
            {
              "name": "out",
              "path": "/nix/store/5sz0si6d1nyahsgya5y93hlz86yc7zmg-python3.13-ruff-0.14.9",
              "default": true
            },
            {
              "name": "dist",
              "path": "/nix/store/vzk7qlj5s92azxb7wnr0rr10hl4miqa6-python3.13-ruff-0.14.9-dist"
            }
          ],
          "store_path": "/nix/store/5sz0si6d1nyahsgya5y93hlz86yc7zmg-python3.13-ruff-0.14.9"
        },
        "x86_64-darwin": {
          "outputs": [
            {
              "name": "out",
              "path": "/nix/store/cwjc4h482sdbx71z3dvan2r07bcjikk2-python3.13-ruff-0.14.9",
              "default": true
            },
            {
              "name": "dist",
              "path": "/nix/store/fg27q14b9k0a7nihxnsj9r8ydjl637n5-python3.13-ruff-0.14.9-dist"
            }
          ],
          "store_path": "/nix/store/cwjc4h482sdbx71z3dvan2r07bcjikk2-python3.13-ruff-0.14.9"
        },
        "x86_64-linux": {
          "outputs": [
            {
              "name": "out",
              "path": "/nix/store/sjd4ymq2p4s93wppchmp083wgdq7gsyv-python3.13-ruff-0.14.9",
              "default": true
            },
            {
              "name": "dist",
              "path": "/nix/store/d91sgnjya5dqqha873zfy2ribrrvaqps-python3.13-ruff-0.14.9-dist"
            }
          ],
          "store_path": "/nix/store/sjd4ymq2p4s93wppchmp083wgdq7gsyv-python3.13-ruff-0.14.9"
        }
      }
    },
    "yamllint@1.37.1": {
      "last_modified": "2025-10-07T08:41:47Z",
      "resolved": "github:NixOS/nixpkgs/bce5fe2bb998488d8e7e7856315f90496723793c#yamllint",
      "source": "devbox-search",
      "version": "1.37.1",
      "systems": {
        "aarch64-darwin": {
          "outputs": [
            {
              "name": "out",
              "path": "/nix/store/s27a4grrpss93zlb6j6zh7qwnc3zr3kr-python3.13-yamllint-1.37.1",
              "default": true
            },
            {
              "name": "dist",
              "path": "/nix/store/mnlbzhjhq1skg7mqmy842ipcap6fldi7-python3.13-yamllint-1.37.1-dist"
            }
          ],
          "store_path": "/nix/store/s27a4grrpss93zlb6j6zh7qwnc3zr3kr-python3.13-yamllint-1.37.1"
        },
        "aarch64-linux": {
          "outputs": [
            {
              "name": "out",
              "path": "/nix/store/948cqxrsm2ad9kmwvzxak2cqsizlj0mz-python3.13-yamllint-1.37.1",
              "default": true
            },
            {
              "name": "dist",
              "path": "/nix/store/5g1n5gigjvigj4qr4873ply36m1bc1ns-python3.13-yamllint-1.37.1-dist"
            }
          ],
          "store_path": "/nix/store/948cqxrsm2ad9kmwvzxak2cqsizlj0mz-python3.13-yamllint-1.37.1"
        },
        "x86_64-darwin": {
          "outputs": [
            {
              "name": "out",
              "path": "/nix/store/qzza3ghd9n2j4mw5ig62rh3wfyz9iy24-python3.13-yamllint-1.37.1",
              "default": true
            },
            {
              "name": "dist",
              "path": "/nix/store/3i7nwvkcb1rjiyc8xlz9vm1w9svhas8y-python3.13-yamllint-1.37.1-dist"
            }
          ],
          "store_path": "/nix/store/qzza3ghd9n2j4mw5ig62rh3wfyz9iy24-python3.13-yamllint-1.37.1"
        },
        "x86_64-linux": {
          "outputs": [
            {
              "name": "out",
              "path": "/nix/store/8hh67f8i24qi3cj663qr61fg2r43zpny-python3.13-yamllint-1.37.1",
              "default": true
            },
            {
              "name": "dist",
              "path": "/nix/store/wxy7pi9zj7m7q4k8mkypvqm7dwnyzq63-python3.13-yamllint-1.37.1-dist"
            }
          ],
          "store_path": "/nix/store/8hh67f8i24qi3cj663qr61fg2r43zpny-python3.13-yamllint-1.37.1"
        }
      }
    }
  }
}
